
Microsoft Visual Studio Solution File, Format Version 12.00
# Visual Studio Version 16
VisualStudioVersion = 16.0.33328.57
MinimumVisualStudioVersion = 10.0.40219.1
Project("{FAE04EC0-301F-11D3-BF4B-00C04F79EFBC}") = "QLBH_HBC", "QLBH_HBC\QLBH_HBC.csproj", "{994ACC9D-EE94-45C1-A189-DCEB24EB8B38}"
EndProject
Global
	GlobalSection(SolutionConfigurationPlatforms) = preSolution
		Debug|Any CPU = Debug|Any CPU
		Release|Any CPU = Release|Any CPU
	EndGlobalSection
	GlobalSection(ProjectConfigurationPlatforms) = postSolution
		{994ACC9D-EE94-45C1-A189-DCEB24EB8B38}.Debug|Any CPU.ActiveCfg = Debug|Any CPU
		{994ACC9D-EE94-45C1-A189-DCEB24EB8B38}.Debug|Any CPU.Build.0 = Debug|Any CPU
		{994ACC9D-EE94-45C1-A189-DCEB24EB8B38}.Release|Any CPU.ActiveCfg = Release|Any CPU
		{994ACC9D-EE94-45C1-A189-DCEB24EB8B38}.Release|Any CPU.Build.0 = Release|Any CPU
	EndGlobalSection
	GlobalSection(SolutionProperties) = preSolution
		HideSolutionNode = FALSE
	EndGlobalSection
	GlobalSection(ExtensibilityGlobals) = postSolution
		SolutionGuid = {C1E42E2F-FE1E-43B3-B109-B13313EB8B5F}
	EndGlobalSection
EndGlobal
